{
  "name": "@labor-digital/bits-docs",
  "version": "1.0.0",
  "lockfileVersion": 1,
  "requires": true,
  "dependencies": {
    "@types/webpack-env": {
      "version": "1.16.2",
      "resolved": "https://registry.npmjs.org/@types/webpack-env/-/webpack-env-1.16.2.tgz",
      "integrity": "sha512-vKx7WNQNZDyJveYcHAm9ZxhqSGLYwoyLhrHjLBOkw3a7cT76sTdjgtwyijhk1MaHyRIuSztcVwrUOO/NEu68Dw==",
      "dev": true
    }
  }
}
