{
	"name": "@labor-digital/bits-docs",
	"version": "1.0.0",
	"lockfileVersion": 2,
	"requires": true,
	"packages": {
		"": {
			"name": "@labor-digital/bits-docs",
			"version": "1.0.0",
			"license": "Apache-2.0",
			"devDependencies": {
				"@types/webpack-env": "^1.16.2"
			}
		},
		"node_modules/@types/webpack-env": {
			"version": "1.16.2",
			"resolved": "https://registry.npmjs.org/@types/webpack-env/-/webpack-env-1.16.2.tgz",
			"integrity": "sha512-vKx7WNQNZDyJveYcHAm9ZxhqSGLYwoyLhrHjLBOkw3a7cT76sTdjgtwyijhk1MaHyRIuSztcVwrUOO/NEu68Dw==",
			"dev": true
		}
	},
	"dependencies": {
		"@types/webpack-env": {
			"version": "1.16.2",
			"resolved": "https://registry.npmjs.org/@types/webpack-env/-/webpack-env-1.16.2.tgz",
			"integrity": "sha512-vKx7WNQNZDyJveYcHAm9ZxhqSGLYwoyLhrHjLBOkw3a7cT76sTdjgtwyijhk1MaHyRIuSztcVwrUOO/NEu68Dw==",
			"dev": true
		}
	}
}
